
Microsoft Visual Studio Solution File, Format Version 12.00
# Visual Studio 15
VisualStudioVersion = 15.0.26730.15
MinimumVisualStudioVersion = 10.0.40219.1
Project("{F184B08F-C81C-45F6-A57F-5ABD9991F28F}") = "Addin.SSMS2017", "Addin.SSMS2017\Addin.SSMS2017.vbproj", "{4F34CDCB-BE07-49A3-B3EF-7E190BE72CA7}"
EndProject
Global
	GlobalSection(SolutionConfigurationPlatforms) = preSolution
		Debug|Any CPU = Debug|Any CPU
		Release|Any CPU = Release|Any CPU
	EndGlobalSection
	GlobalSection(ProjectConfigurationPlatforms) = postSolution
		{4F34CDCB-BE07-49A3-B3EF-7E190BE72CA7}.Debug|Any CPU.ActiveCfg = Debug|Any CPU
		{4F34CDCB-BE07-49A3-B3EF-7E190BE72CA7}.Debug|Any CPU.Build.0 = Debug|Any CPU
		{4F34CDCB-BE07-49A3-B3EF-7E190BE72CA7}.Release|Any CPU.ActiveCfg = Release|Any CPU
		{4F34CDCB-BE07-49A3-B3EF-7E190BE72CA7}.Release|Any CPU.Build.0 = Release|Any CPU
	EndGlobalSection
	GlobalSection(SolutionProperties) = preSolution
		HideSolutionNode = FALSE
	EndGlobalSection
	GlobalSection(ExtensibilityGlobals) = postSolution
		SolutionGuid = {FA2E3C31-D449-4B38-B7A3-98B83BD2F266}
	EndGlobalSection
EndGlobal
